<?xml version="1.0" encoding="utf-8"?>
<Project ToolsVersion="4.0" xmlns="http://schemas.microsoft.com/developer/msbuild/2003">
  <ItemGroup>
    <Filter Include="core">
      <UniqueIdentifier>{4E40957C-3A77-960D-E363-7C10CF79120F}</UniqueIdentifier>
    </Filter>
    <Filter Include="renderer">
      <UniqueIdentifier>{9C6AA017-8837-FB22-B150-E9CA9D7C30B1}</UniqueIdentifier>
    </Filter>
  </ItemGroup>
  <ItemGroup>
    <ClInclude Include="src\core\App.h">
      <Filter>core</Filter>
    </ClInclude>
    <ClInclude Include="src\core\Camera.h">
      <Filter>core</Filter>
    </ClInclude>
    <ClInclude Include="src\core\Window.h">
      <Filter>core</Filter>
    </ClInclude>
    <ClInclude Include="src\core\util.h">
      <Filter>core</Filter>
    </ClInclude>
    <ClInclude Include="src\pch.h" />
    <ClInclude Include="src\renderer\Buffers.h">
      <Filter>renderer</Filter>
    </ClInclude>
    <ClInclude Include="src\renderer\Renderer.h">
      <Filter>renderer</Filter>
    </ClInclude>
    <ClInclude Include="src\renderer\Shader.h">
      <Filter>renderer</Filter>
    </ClInclude>
    <ClInclude Include="src\renderer\TextureManager.h">
      <Filter>renderer</Filter>
    </ClInclude>
    <ClInclude Include="src\renderer\VertexArray.h">
      <Filter>renderer</Filter>
    </ClInclude>
  </ItemGroup>
  <ItemGroup>
    <ClCompile Include="src\core\App.cpp">
      <Filter>core</Filter>
    </ClCompile>
    <ClCompile Include="src\core\Camera.cpp">
      <Filter>core</Filter>
    </ClCompile>
    <ClCompile Include="src\core\Window.cpp">
      <Filter>core</Filter>
    </ClCompile>
    <ClCompile Include="src\main.cpp" />
    <ClCompile Include="src\pch.cpp" />
    <ClCompile Include="src\vendor\stb\stb_build.cpp" />
  </ItemGroup>
</Project>